
Microsoft Visual Studio Solution File, Format Version 12.00
# Visual Studio Version 17
VisualStudioVersion = 17.5.33627.172
MinimumVisualStudioVersion = 10.0.40219.1
Project("{FAE04EC0-301F-11D3-BF4B-00C04F79EFBC}") = "CentersTakamol", "CentersTakamol.csproj", "{BC63E571-B0F2-4251-8A7E-C4E84F26DA34}"
EndProject
Global
	GlobalSection(SolutionConfigurationPlatforms) = preSolution
		Debug|Any CPU = Debug|Any CPU
		Release|Any CPU = Release|Any CPU
	EndGlobalSection
	GlobalSection(ProjectConfigurationPlatforms) = postSolution
		{BC63E571-B0F2-4251-8A7E-C4E84F26DA34}.Debug|Any CPU.ActiveCfg = Debug|Any CPU
		{BC63E571-B0F2-4251-8A7E-C4E84F26DA34}.Debug|Any CPU.Build.0 = Debug|Any CPU
		{BC63E571-B0F2-4251-8A7E-C4E84F26DA34}.Release|Any CPU.ActiveCfg = Release|Any CPU
		{BC63E571-B0F2-4251-8A7E-C4E84F26DA34}.Release|Any CPU.Build.0 = Release|Any CPU
	EndGlobalSection
	GlobalSection(SolutionProperties) = preSolution
		HideSolutionNode = FALSE
	EndGlobalSection
	GlobalSection(ExtensibilityGlobals) = postSolution
		SolutionGuid = {5DB3A153-C2E9-4EC6-82B7-28D268CA453B}
	EndGlobalSection
EndGlobal
